
Microsoft Visual Studio Solution File, Format Version 12.00
# Visual Studio 15
VisualStudioVersion = 15.0.27130.2026
MinimumVisualStudioVersion = 10.0.40219.1
Project("{FAE04EC0-301F-11D3-BF4B-00C04F79EFBC}") = "PX.Objects.Delta", "PX.Objects.Delta\PX.Objects.Delta.csproj", "{1EE542C2-0C75-4A06-86D0-155917E70055}"
EndProject
Project("{E24C65DC-7377-472B-9ABA-BC803B73C61A}") = "Site", "Site\", "{797D1D6A-33DC-404C-B093-4E5231D1EB31}"
	ProjectSection(WebsiteProperties) = preProject
		TargetFrameworkMoniker = ".NETFramework,Version%3Dv4.5.1"
		ProjectReferences = "{1EE542C2-0C75-4A06-86D0-155917E70055}|PX.Objects.Delta.dll;"
		Debug.AspNetCompiler.VirtualPath = "/localhost_49647"
		Debug.AspNetCompiler.PhysicalPath = "Site\"
		Debug.AspNetCompiler.TargetPath = "PrecompiledWeb\localhost_49647\"
		Debug.AspNetCompiler.Updateable = "true"
		Debug.AspNetCompiler.ForceOverwrite = "true"
		Debug.AspNetCompiler.FixedNames = "false"
		Debug.AspNetCompiler.Debug = "True"
		Release.AspNetCompiler.VirtualPath = "/localhost_49647"
		Release.AspNetCompiler.PhysicalPath = "Site\"
		Release.AspNetCompiler.TargetPath = "PrecompiledWeb\localhost_49647\"
		Release.AspNetCompiler.Updateable = "true"
		Release.AspNetCompiler.ForceOverwrite = "true"
		Release.AspNetCompiler.FixedNames = "false"
		Release.AspNetCompiler.Debug = "False"
		VWDPort = "49647"
		SlnRelativePath = "Site\"
	EndProjectSection
EndProject
Global
	GlobalSection(SolutionConfigurationPlatforms) = preSolution
		Debug|Any CPU = Debug|Any CPU
		Release|Any CPU = Release|Any CPU
	EndGlobalSection
	GlobalSection(ProjectConfigurationPlatforms) = postSolution
		{1EE542C2-0C75-4A06-86D0-155917E70055}.Debug|Any CPU.ActiveCfg = Debug|Any CPU
		{1EE542C2-0C75-4A06-86D0-155917E70055}.Debug|Any CPU.Build.0 = Debug|Any CPU
		{1EE542C2-0C75-4A06-86D0-155917E70055}.Release|Any CPU.ActiveCfg = Release|Any CPU
		{1EE542C2-0C75-4A06-86D0-155917E70055}.Release|Any CPU.Build.0 = Release|Any CPU
		{797D1D6A-33DC-404C-B093-4E5231D1EB31}.Debug|Any CPU.ActiveCfg = Debug|Any CPU
		{797D1D6A-33DC-404C-B093-4E5231D1EB31}.Release|Any CPU.ActiveCfg = Debug|Any CPU
	EndGlobalSection
	GlobalSection(SolutionProperties) = preSolution
		HideSolutionNode = FALSE
	EndGlobalSection
	GlobalSection(ExtensibilityGlobals) = postSolution
		SolutionGuid = {06C9E43C-3769-476C-B1F8-8D8E16F2F794}
	EndGlobalSection
EndGlobal
